{"name":"aegis-release-convergence","version":"0.8.0","lockfileVersion":3,"requires":true,"packages":{"":{"name":"aegis-release-convergence","version":"0.8.0","workspaces":["packages/*","apps/*"],"devDependencies":{"eslint":"^10.9.1","typescript":"^5.0.0"}},"apps/api-server":{"name":"aegis-api-server","version":"0.7.0","dependencies":{"@aegis/application-runtime":"0.6.0","@aegis/core-domain":"0.2.0"}},"apps/cli":{"name":"aegis-cli","version":"0.2.0","dependencies":{"@aegis/core-domain":"0.2.0"}},"apps/daemon":{"name":"aegis-daemon","version":"0.7.0","dependencies":{"aegis-worker":"0.7.0"}},"apps/web-console":{"name":"aegis-web-console","version":"0.2.0","dependencies":{"react":"^19.0.0","react-dom":"^19.0.0"},"devDependencies":{"@vitejs/plugin-react":"^5.0.0","vite":"^7.0.0"}},"apps/worker":{"name":"aegis-worker","version":"0.7.0","dependencies":{"@aegis/application-runtime":"0.6.0"}},"node_modules/@aegis/application":{"resolved":"packages/application","link":true},"node_modules/@aegis/application-runtime":{"resolved":"packages/application-runtime","link":true},"node_modules/@aegis/core-domain":{"resolved":"packages/core-domain","link":true},"node_modules/@aegis/harness-contracts":{"resolved":"packages/harness-contracts","link":true},"node_modules/@aegis/harness-runtime":{"resolved":"packages/harness-runtime","link":true},"node_modules/@aegis/harness-testkit":{"resolved":"packages/harness-testkit","link":true},"node_modules/@aegis/knowledge-contracts":{"resolved":"packages/knowledge-contracts","link":true},"node_modules/@aegis/memory-contracts":{"resolved":"packages/memory-contracts","link":true},"node_modules/@aegis/memory-runtime":{"resolved":"packages/memory-runtime","link":true},"node_modules/@aegis/release-convergence":{"resolved":"packages/release-convergence","link":true},"node_modules/@aegis/responsibility":{"resolved":"packages/responsibility","link":true},"node_modules/@aegis/retrieval-runtime":{"resolved":"packages/retrieval-runtime","link":true},"node_modules/@aegis/storage-contracts":{"resolved":"packages/storage-contracts","link":true},"node_modules/@aegis/storage-memory":{"resolved":"packages/storage-memory","link":true},"node_modules/@aegis/storage-runtime":{"resolved":"packages/storage-runtime","link":true},"node_modules/@babel/code-frame":{"version":"7.29.7","resolved":"https://registry.npmjs.org/@babel/code-frame/-/code-frame-7.29.7.tgz","integrity":"sha512-Aup7aUOfpbAUg2ROOJN6Iw5f9DMBlzu0mIkm/malLQFN/YQgO48wCj0Kxa3sEHJvPVFg7siR+qRInwXd2qhQKw==","dev":true,"license":"MIT","dependencies":{"@babel/helper-validator-identifier":"^7.29.7","js-tokens":"^4.0.0","picocolors":"^1.1.1"},"engines":{"node":">=6.9.0"}},"node_modules/@babel/compat-data":{"version":"7.29.7","resolved":"https://registry.npmjs.org/@babel/compat-data/-/compat-data-7.29.7.tgz","integrity":"sha512-locTkQyKvwIEgBzVrn8693ebc97F2U8ZHjbXwDXJ5Fn2TCpNwTlKcaKLkdHop5c/icOFE7qt7Q9JC5hnKNa6Gg==","dev":true,"license":"MIT","engines":{"node":">=6.9.0"}},"node_modules/@babel/core":{"version":"7.29.7","resolved":"https://registry.npmjs.org/@babel/core/-/core-7.29.7.tgz","integrity":"sha512-RgHBCvtjbOK2gXSNBNIkNoEc9qoVEtau3hj8gEqKQuL3HZAibKarWFEI3Lfm6EYKkLalOh8eSrj9b+ch9H/VBA==","dev":true,"license":"MIT","dependencies":{"@babel/code-frame":"^7.29.7","@babel/generator":"^7.29.7","@babel/helper-compilation-targets":"^7.29.7","@babel/helper-module-transforms":"^7.29.7","@babel/helpers":"^7.29.7","@babel/parser":"^7.29.7","@babel/template":"^7.29.7","@babel/traverse":"^7.29.7","@babel/types":"^7.29.7","@jridgewell/remapping":"^2.3.5","convert-source-map":"^2.0.0","debug":"^4.1.0","gensync":"^1.0.0-beta.2","json5":"^2.2.3","semver":"^6.3.1"},"engines":{"node":">=6.9.0"},"funding":{"type":"opencollective","url":"https://opencollective.com/babel"}},"node_modules/react":{"version":"19.2.8","resolved":"https://registry.npmjs.org/react/-/react-19.2.8.tgz","integrity":"sha512-PWaYA1L/q9u2u7xYQi+Y3L3Yfnie7XyLeaJICV1MGD6LprsBxcAqGjYyr0eY3p+QdsA+x/Irkt4Qif8D63+Sbw==","license":"MIT","engines":{"node":">=0.10.0"}},"node_modules/react-dom":{"version":"19.2.8","resolved":"https://registry.npmjs.org/react-dom/-/react-dom-19.2.8.tgz","integrity":"sha512-rVprimfGBG3DR+Tq0IQG2DT5PxKth1WIGDmj5yPmlzr4YBe7uyE+Du4oVqTDXZSHGGGXRtTJEGSSePyQCMBglQ==","license":"MIT","dependencies":{"scheduler":"^0.27.0"},"peerDependencies":{"react":"^19.2.8"}},"node_modules/typescript":{"version":"5.9.3","resolved":"https://registry.npmjs.org/typescript/-/typescript-5.9.3.tgz","integrity":"sha512-jl1vZzPDinLr9eUt3J/t7V6FgNEw9QjvBPdysz9KfQDD41fQrC2Y4vKQdiaUpFT4bXlb1RHhLpp8wtm6M5TgSw==","dev":true,"license":"Apache-2.0","bin":{"tsc":"bin/tsc","tsserver":"bin/tsserver"},"engines":{"node":">=14.17"}},"node_modules/vite":{"version":"7.3.6","resolved":"https://registry.npmjs.org/vite/-/vite-7.3.6.tgz","integrity":"sha512-4XP60spRGjSZFf1qYH+dJIkK2znL3zQfl9KkOV9MkkRR/3Dls0dxaBsQPTloEc5BLXWPL9vsOxopxyKoMmDueg==","dev":true,"license":"MIT","dependencies":{"esbuild":"^0.27.0 || ^0.28.0","fdir":"^6.5.0","picomatch":"^4.0.3","postcss":"^8.5.6","rollup":"^4.43.0","tinyglobby":"^0.2.15"},"bin":{"vite":"bin/vite.js"},"engines":{"node":"^20.19.0 || >=22.12.0"},"funding":{"url":"https://github.com/vitejs/vite?sponsor=1"}},"packages/application":{"name":"@aegis/application","version":"0.2.0","dependencies":{"@aegis/core-domain":"0.2.0"}},"packages/application-runtime":{"name":"@aegis/application-runtime","version":"0.6.0","dependencies":{"@aegis/core-domain":"0.2.0","@aegis/harness-runtime":"0.4.0","@aegis/memory-contracts":"0.5.0","@aegis/memory-runtime":"0.5.0","@aegis/responsibility":"0.2.0","@aegis/retrieval-runtime":"0.5.0"}},"packages/core-domain":{"name":"@aegis/core-domain","version":"0.2.0"},"packages/harness-contracts":{"name":"@aegis/harness-contracts","version":"0.4.0"},"packages/harness-runtime":{"name":"@aegis/harness-runtime","version":"0.4.0","dependencies":{"@aegis/harness-contracts":"0.4.0"}},"packages/harness-testkit":{"name":"@aegis/harness-testkit","version":"0.4.0","dependencies":{"@aegis/harness-contracts":"0.4.0","@aegis/harness-runtime":"0.4.0"}},"packages/knowledge-contracts":{"name":"@aegis/knowledge-contracts","version":"0.5.0"},"packages/memory-contracts":{"name":"@aegis/memory-contracts","version":"0.5.0"},"packages/memory-runtime":{"name":"@aegis/memory-runtime","version":"0.5.0","dependencies":{"@aegis/memory-contracts":"0.5.0"}},"packages/release-convergence":{"name":"@aegis/release-convergence","version":"0.6.0"},"packages/responsibility":{"name":"@aegis/responsibility","version":"0.2.0"},"packages/retrieval-runtime":{"name":"@aegis/retrieval-runtime","version":"0.5.0","dependencies":{"@aegis/knowledge-contracts":"0.5.0","@aegis/memory-contracts":"0.5.0"}},"packages/storage-contracts":{"name":"@aegis/storage-contracts","version":"0.3.0"},"packages/storage-memory":{"name":"@aegis/storage-memory","version":"0.3.0","dependencies":{"@aegis/storage-contracts":"0.3.0"}},"packages/storage-runtime":{"name":"@aegis/storage-runtime","version":"0.3.0","dependencies":{"@aegis/storage-contracts":"0.3.0"}}}}